github.com/davecgh/go-spew v1.1.1/go.mod h1:J7Y8YcW2NihsgmVo/mv3lAwl/skON4iLHjSsI+c5H38=
github.com/giobart/message-broker v0.0.0-20231129125704-0e030cd64a18 h1:uE614coNLBjkfbA/3iY6SnjsIX6h4vqxmLvLGvaoq6k=
github.com/giobart/message-broker v0.0.0-20231129125704-0e030cd64a18/go.mod h1:5sSrEtBBm0RaQUniVm3bvp/FmbaDVrMdbAC5FBRL0A4=
github.com/giobart/message-broker v0.0.0-20231129162949-508e61eaaae7 h1:l5X117WQeluxhDKTRLyjLjJNa5rZlH31GeUmV+1kWIg=
github.com/giobart/message-broker v0.0.0-20231129162949-508e61eaaae7/go.mod h1:5sSrEtBBm0RaQUniVm3bvp/FmbaDVrMdbAC5FBRL0A4=
github.com/giobart/message-broker v0.0.0-20231212100735-30c3b643a712 h1:dgf7ILeMvwh+mstYyEahjWauEQG4oUAP4Z0cHiz+7d8=
github.com/giobart/message-broker v0.0.0-20231212100735-30c3b643a712/go.mod h1:5sSrEtBBm0RaQUniVm3bvp/FmbaDVrMdbAC5FBRL0A4=
github.com/giobart/message-broker v0.0.0-20231214130154-d017b28c4969 h1:mDySOJUJyFA5Nvmyvd8XoeIAAjL85DCPg/m5Zjbbsd8=
github.com/giobart/message-broker v0.0.0-20231214130154-d017b28c4969/go.mod h1:5sSrEtBBm0RaQUniVm3bvp/FmbaDVrMdbAC5FBRL0A4=
github.com/giobart/message-broker v1.2.1 h1:xQC5yA7bTMugI9k3UlJzz82BzEwZ83Yf1KZYKakW8Cw=
github.com/giobart/message-broker v1.2.1/go.mod h1:5sSrEtBBm0RaQUniVm3bvp/FmbaDVrMdbAC5FBRL0A4=
github.com/giobart/message-broker v1.2.2 h1:1qqydzJgGd9SL2gK1bpyC4SGOoKByNQ/8aq1OqLiBUE=
github.com/giobart/message-broker v1.2.2/go.mod h1:5sSrEtBBm0RaQUniVm3bvp/FmbaDVrMdbAC5FBRL0A4=
github.com/jarcoal/httpmock v1.3.1 h1:iUx3whfZWVf3jT01hQTO/Eo5sAYtB2/rqaUuOtpInww=
github.com/jarcoal/httpmock v1.3.1/go.mod h1:3yb8rc4BI7TCBhFY8ng0gjuLKJNquuDNiPaZjnENuYg=
github.com/maxatome/go-testdeep v1.12.0/go.mod h1:lPZc/HAcJMP92l7yI6TRz1aZN5URwUBUAfUNvrclaNM=
